{
  "requires": true,
  "lockfileVersion": 1,
  "dependencies": {
    "web3-init": {
      "version": "2.2.5",
      "resolved": "https://registry.npmjs.org/web3-init/-/web3-init-2.2.5.tgz",
      "integrity": "sha512-o/w9ElXAx3h6fEH/qiLYsMVh1oSbUjX3ZexWQ3r4zW/YGkFAPFy7jIGd3UBnisBc7xebnAH3Awj6AQfDg1tl2Q=="
    }
  }
}
